// !$*UTF8*$!
{
	archiveVersion = 1;
	classes = {
	};
	objectVersion = 46;
	objects = {

/* Begin PBXBuildFile section */
		DCBB8B2C1ECF14C100370372 /* AppDelegate.swift in Sources */ = {isa = PBXBuildFile; fileRef = DCBB8B2B1ECF14C100370372 /* AppDelegate.swift */; };
		DCBB8B2E1ECF14C100370372 /* ViewController.swift in Sources */ = {isa = PBXBuildFile; fileRef = DCBB8B2D1ECF14C100370372 /* ViewController.swift */; };
		DCBB8B311ECF14C100370372 /* Main.storyboard in Resources */ = {isa = PBXBuildFile; fileRef = DCBB8B2F1ECF14C100370372 /* Main.storyboard */; };
		DCBB8B331ECF14C100370372 /* Assets.xcassets in Resources */ = {isa = PBXBuildFile; fileRef = DCBB8B321ECF14C100370372 /* Assets.xcassets */; };
		DCBB8B361ECF14C100370372 /* LaunchScreen.storyboard in Resources */ = {isa = PBXBuildFile; fileRef = DCBB8B341ECF14C100370372 /* LaunchScreen.storyboard */; };
/* End PBXBuildFile section */

/* Begin PBXFileReference section */
		DCBB8B281ECF14C100370372 /* DocumentReaderDemo.app */ = {isa = PBXFileReference; explicitFileType = wrapper.application; includeInIndex = 0; path = DocumentReaderDemo.app; sourceTree = BUILT_PRODUCTS_DIR; };
		DCBB8B2B1ECF14C100370372 /* AppDelegate.swift */ = {isa = PBXFileReference; lastKnownFileType = sourcecode.swift; path = AppDelegate.swift; sourceTree = "<group>"; };
		DCBB8B2D1ECF14C100370372 /* ViewController.swift */ = {isa = PBXFileReference; lastKnownFileType = sourcecode.swift; path = ViewController.swift; sourceTree = "<group>"; };
		DCBB8B301ECF14C100370372 /* Base */ = {isa = PBXFileReference; lastKnownFileType = file.storyboard; name = Base; path = Base.lproj/Main.storyboard; sourceTree = "<group>"; };
		DCBB8B321ECF14C100370372 /* Assets.xcassets */ = {isa = PBXFileReference; lastKnownFileType = folder.assetcatalog; path = Assets.xcassets; sourceTree = "<group>"; };
		DCBB8B351ECF14C100370372 /* Base */ = {isa = PBXFileReference; lastKnownFileType = file.storyboard; name = Base; path = Base.lproj/LaunchScreen.storyboard; sourceTree = "<group>"; };
		DCBB8B371ECF14C100370372 /* Info.plist */ = {isa = PBXFileReference; lastKnownFileType = text.plist.xml; path = Info.plist; sourceTree = "<group>"; };
/* End PBXFileReference section */

/* Begin PBXFrameworksBuildPhase section */
		DCBB8B251ECF14C100370372 /* Frameworks */ = {
			isa = PBXFrameworksBuildPhase;
			buildActionMask = 2147483647;
			files = (
			);
			runOnlyForDeploymentPostprocessing = 0;
		};
/* End PBXFrameworksBuildPhase section */

/* Begin PBXGroup section */
		DCBB8B1F1ECF14C100370372 = {
			isa = PBXGroup;
			children = (
				DCBB8B2A1ECF14C100370372 /* DocumentReaderDemo */,
				DCBB8B291ECF14C100370372 /* Products */,
			);
			sourceTree = "<group>";
		};
		DCBB8B291ECF14C100370372 /* Products */ = {
			isa = PBXGroup;
			children = (
				DCBB8B281ECF14C100370372 /* DocumentReaderDemo.app */,
			);
			name = Products;
			sourceTree = "<group>";
		};
		DCBB8B2A1ECF14C100370372 /* DocumentReaderDemo */ = {
			isa = PBXGroup;
			children = (
				DCBB8B2B1ECF14C100370372 /* AppDelegate.swift */,
				DCBB8B2D1ECF14C100370372 /* ViewController.swift */,
				DCBB8B2F1ECF14C100370372 /* Main.storyboard */,
				DCBB8B321ECF14C100370372 /* Assets.xcassets */,
				DCBB8B341ECF14C100370372 /* LaunchScreen.storyboard */,
				DCBB8B371ECF14C100370372 /* Info.plist */,
			);
			path = DocumentReaderDemo;
			sourceTree = "<group>";
		};
/* End PBXGroup section */

/* Begin PBXNativeTarget section */
		DCBB8B271ECF14C100370372 /* DocumentReaderDemo */ = {
			isa = PBXNativeTarget;
			buildConfigurationList = DCBB8B3A1ECF14C100370372 /* Build configuration list for PBXNativeTarget "DocumentReaderDemo" */;
			buildPhases = (
				DCBB8B241ECF14C100370372 /* Sources */,
				DCBB8B251ECF14C100370372 /* Frameworks */,
				DCBB8B261ECF14C100370372 /* Resources */,
			);
			buildRules = (
			);
			dependencies = (
			);
			name = DocumentReaderDemo;
			productName = DocumentReaderDemo;
			productReference = DCBB8B281ECF14C100370372 /* DocumentReaderDemo.app */;
			productType = "com.apple.product-type.application";
		};
/* End PBXNativeTarget section */

/* Begin PBXProject section */
		DCBB8B201ECF14C100370372 /* Project object */ = {
			isa = PBXProject;
			attributes = {
				LastSwiftUpdateCheck = 0830;
				LastUpgradeCheck = 0830;
				TargetAttributes = {
					DCBB8B271ECF14C100370372 = {
						CreatedOnToolsVersion = 8.3;
						ProvisioningStyle = Automatic;
					};
				};
			};
			buildConfigurationList = DCBB8B231ECF14C100370372 /* Build configuration list for PBXProject "DocumentReaderDemo" */;
			compatibilityVersion = "Xcode 3.2";
			developmentRegion = English;
			hasScannedForEncodings = 0;
			knownRegions = (
				en,
				Base,
			);
			mainGroup = DCBB8B1F1ECF14C100370372;
			productRefGroup = DCBB8B291ECF14C100370372 /* Products */;
			projectDirPath = "";
			projectRoot = "";
			targets = (
				DCBB8B271ECF14C100370372 /* DocumentReaderDemo */,
			);
		};
/* End PBXProject section */

/* Begin PBXResourcesBuildPhase section */
		DCBB8B261ECF14C100370372 /* Resources */ = {
			isa = PBXResourcesBuildPhase;
			buildActionMask = 2147483647;
			files = (
				DCBB8B361ECF14C100370372 /* LaunchScreen.storyboard in Resources */,
				DCBB8B331ECF14C100370372 /* Assets.xcassets in Resources */,
				DCBB8B311ECF14C100370372 /* Main.storyboard in Resources */,
			);
			runOnlyForDeploymentPostprocessing = 0;
		};
/* End PBXResourcesBuildPhase section */

/* Begin PBXSourcesBuildPhase section */
		DCBB8B241ECF14C100370372 /* Sources */ = {
			isa = PBXSourcesBuildPhase;
			buildActionMask = 2147483647;
			files = (
				DCBB8B2E1ECF14C100370372 /* ViewController.swift in Sources */,
				DCBB8B2C1ECF14C100370372 /* AppDelegate.swift in Sources */,
			);
			runOnlyForDeploymentPostprocessing = 0;
		};
/* End PBXSourcesBuildPhase section */

/* Begin PBXVariantGroup section */
		DCBB8B2F1ECF14C100370372 /* Main.storyboard */ = {
			isa = PBXVariantGroup;
			children = (
				DCBB8B301ECF14C100370372 /* Base */,
			);
			name = Main.storyboard;
			sourceTree = "<group>";
		};
		DCBB8B341ECF14C100370372 /* LaunchScreen.storyboard */ = {
			isa = PBXVariantGroup;
			children = (
				DCBB8B351ECF14C100370372 /* Base */,
			);
			name = LaunchScreen.storyboard;
			sourceTree = "<group>";
		};
/* End PBXVariantGroup section */

/* Begin XCBuildConfiguration section */
		DCBB8B381ECF14C100370372 /* Debug */ = {
			isa = XCBuildConfiguration;
			buildSettings = {
				ALWAYS_SEARCH_USER_PATHS = NO;
				CLANG_ANALYZER_NONNULL = YES;
				CLANG_ANALYZER_NUMBER_OBJECT_CONVERSION = YES_AGGRESSIVE;
				CLANG_CXX_LANGUAGE_STANDARD = "gnu++0x";
				CLANG_CXX_LIBRARY = "libc++";
				CLANG_ENABLE_MODULES = YES;
				CLANG_ENABLE_OBJC_ARC = YES;
				CLANG_WARN_BOOL_CONVERSION = YES;
				CLANG_WARN_CONSTANT_CONVERSION = YES;
				CLANG_WARN_DIRECT_OBJC_ISA_USAGE = YES_ERROR;
				CLANG_WARN_DOCUMENTATION_COMMENTS = YES;
				CLANG_WARN_EMPTY_BODY = YES;
				CLANG_WARN_ENUM_CONVERSION = YES;
				CLANG_WARN_INFINITE_RECURSION = YES;
				CLANG_WARN_INT_CONVERSION = YES;
				CLANG_WARN_OBJC_ROOT_CLASS = YES_ERROR;
				CLANG_WARN_SUSPICIOUS_MOVE = YES;
				CLANG_WARN_UNREACHABLE_CODE = YES;
				CLANG_WARN__DUPLICATE_METHOD_MATCH = YES;
				"CODE_SIGN_IDENTITY[sdk=iphoneos*]" = "iPhone Developer";
				COPY_PHASE_STRIP = NO;
				DEBUG_INFORMATION_FORMAT = dwarf;
				ENABLE_STRICT_OBJC_MSGSEND = YES;
				ENABLE_TESTABILITY = YES;
				GCC_C_LANGUAGE_STANDARD = gnu99;
				GCC_DYNAMIC_NO_PIC = NO;
				GCC_NO_COMMON_BLOCKS = YES;
				GCC_OPTIMIZATION_LEVEL = 0;
				GCC_PREPROCESSOR_DEFINITIONS = (
					"DEBUG=1",
					"$(inherited)",
				);
				GCC_WARN_64_TO_32_BIT_CONVERSION = YES;
				GCC_WARN_ABOUT_RETURN_TYPE = YES_ERROR;
				GCC_WARN_UNDECLARED_SELECTOR = YES;
				GCC_WARN_UNINITIALIZED_AUTOS = YES_AGGRESSIVE;
				GCC_WARN_UNUSED_FUNCTION = YES;
				GCC_WARN_UNUSED_VARIABLE = YES;
				IPHONEOS_DEPLOYMENT_TARGET = 10.3;
				MTL_ENABLE_DEBUG_INFO = YES;
				ONLY_ACTIVE_ARCH = YES;
				SDKROOT = iphoneos;
				SWIFT_ACTIVE_COMPILATION_CONDITIONS = DEBUG;
				SWIFT_OPTIMIZATION_LEVEL = "-Onone";
				TARGETED_DEVICE_FAMILY = "1,2";
			};
			name = Debug;
		};
		DCBB8B391ECF14C100370372 /* Release */ = {
			isa = XCBuildConfiguration;
			buildSettings = {
				ALWAYS_SEARCH_USER_PATHS = NO;
				CLANG_ANALYZER_NONNULL = YES;
				CLANG_ANALYZER_NUMBER_OBJECT_CONVERSION = YES_AGGRESSIVE;
				CLANG_CXX_LANGUAGE_STANDARD = "gnu++0x";
				CLANG_CXX_LIBRARY = "libc++";
				CLANG_ENABLE_MODULES = YES;
				CLANG_ENABLE_OBJC_ARC = YES;
				CLANG_WARN_BOOL_CONVERSION = YES;
				CLANG_WARN_CONSTANT_CONVERSION = YES;
				CLANG_WARN_DIRECT_OBJC_ISA_USAGE = YES_ERROR;
				CLANG_WARN_DOCUMENTATION_COMMENTS = YES;
				CLANG_WARN_EMPTY_BODY = YES;
				CLANG_WARN_ENUM_CONVERSION = YES;
				CLANG_WARN_INFINITE_RECURSION = YES;
				CLANG_WARN_INT_CONVERSION = YES;
				CLANG_WARN_OBJC_ROOT_CLASS = YES_ERROR;
				CLANG_WARN_SUSPICIOUS_MOVE = YES;
				CLANG_WARN_UNREACHABLE_CODE = YES;
				CLANG_WARN__DUPLICATE_METHOD_MATCH = YES;
				"CODE_SIGN_IDENTITY[sdk=iphoneos*]" = "iPhone Developer";
				COPY_PHASE_STRIP = NO;
				DEBUG_INFORMATION_FORMAT = "dwarf-with-dsym";
				ENABLE_NS_ASSERTIONS = NO;
				ENABLE_STRICT_OBJC_MSGSEND = YES;
				GCC_C_LANGUAGE_STANDARD = gnu99;
				GCC_NO_COMMON_BLOCKS = YES;
				GCC_WARN_64_TO_32_BIT_CONVERSION = YES;
				GCC_WARN_ABOUT_RETURN_TYPE = YES_ERROR;
				GCC_WARN_UNDECLARED_SELECTOR = YES;
				GCC_WARN_UNINITIALIZED_AUTOS = YES_AGGRESSIVE;
				GCC_WARN_UNUSED_FUNCTION = YES;
				GCC_WARN_UNUSED_VARIABLE = YES;
				IPHONEOS_DEPLOYMENT_TARGET = 10.3;
				MTL_ENABLE_DEBUG_INFO = NO;
				SDKROOT = iphoneos;
				SWIFT_OPTIMIZATION_LEVEL = "-Owholemodule";
				TARGETED_DEVICE_FAMILY = "1,2";
				VALIDATE_PRODUCT = YES;
			};
			name = Release;
		};
		DCBB8B3B1ECF14C100370372 /* Debug */ = {
			isa = XCBuildConfiguration;
			buildSettings = {
				ASSETCATALOG_COMPILER_APPICON_NAME = AppIcon;
				INFOPLIST_FILE = DocumentReaderDemo/Info.plist;
				LD_RUNPATH_SEARCH_PATHS = "$(inherited) @executable_path/Frameworks";
				PRODUCT_BUNDLE_IDENTIFIER = com.demo.test.DocumentReaderDemo;
				PRODUCT_NAME = "$(TARGET_NAME)";
				SWIFT_VERSION = 3.0;
			};
			name = Debug;
		};
		DCBB8B3C1ECF14C100370372 /* Release */ = {
			isa = XCBuildConfiguration;
			buildSettings = {
				ASSETCATALOG_COMPILER_APPICON_NAME = AppIcon;
				INFOPLIST_FILE = DocumentReaderDemo/Info.plist;
				LD_RUNPATH_SEARCH_PATHS = "$(inherited) @executable_path/Frameworks";
				PRODUCT_BUNDLE_IDENTIFIER = com.demo.test.DocumentReaderDemo;
				PRODUCT_NAME = "$(TARGET_NAME)";
				SWIFT_VERSION = 3.0;
			};
			name = Release;
		};
/* End XCBuildConfiguration section */

/* Begin XCConfigurationList section */
		DCBB8B231ECF14C100370372 /* Build configuration list for PBXProject "DocumentReaderDemo" */ = {
			isa = XCConfigurationList;
			buildConfigurations = (
				DCBB8B381ECF14C100370372 /* Debug */,
				DCBB8B391ECF14C100370372 /* Release */,
			);
			defaultConfigurationIsVisible = 0;
			defaultConfigurationName = Release;
		};
		DCBB8B3A1ECF14C100370372 /* Build configuration list for PBXNativeTarget "DocumentReaderDemo" */ = {
			isa = XCConfigurationList;
			buildConfigurations = (
				DCBB8B3B1ECF14C100370372 /* Debug */,
				DCBB8B3C1ECF14C100370372 /* Release */,
			);
			defaultConfigurationIsVisible = 0;
		};
/* End XCConfigurationList section */
	};
	rootObject = DCBB8B201ECF14C100370372 /* Project object */;
}
